// !$*UTF8*$!
{
	archiveVersion = 1;
	classes = {
	};
	objectVersion = 46;
	objects = {

/* Begin PBXBuildFile section */
		295067DB14E23EED00960BE2 /* GameKit.framework in Frameworks */ = {isa = PBXBuildFile; fileRef = 295067D414E23E0800960BE2 /* GameKit.framework */; };
		295067DC14E23EFC00960BE2 /* Rdio.framework in Frameworks */ = {isa = PBXBuildFile; fileRef = 295067D914E23EC900960BE2 /* Rdio.framework */; };
		295067E514E23F5500960BE2 /* Security.framework in Frameworks */ = {isa = PBXBuildFile; fileRef = 295067E314E23F4D00960BE2 /* Security.framework */; };
		295067E614E23F5A00960BE2 /* SystemConfiguration.framework in Frameworks */ = {isa = PBXBuildFile; fileRef = 295067E114E23F3B00960BE2 /* SystemConfiguration.framework */; };
		295067E714E23F5E00960BE2 /* CFNetwork.framework in Frameworks */ = {isa = PBXBuildFile; fileRef = 295067DF14E23F2200960BE2 /* CFNetwork.framework */; };
		295067E814E23F6100960BE2 /* AudioToolbox.framework in Frameworks */ = {isa = PBXBuildFile; fileRef = 295067DD14E23F0B00960BE2 /* AudioToolbox.framework */; };
		295067ED14E240CE00960BE2 /* PlayerController.m in Sources */ = {isa = PBXBuildFile; fileRef = 295067EC14E240CE00960BE2 /* PlayerController.m */; };
		29C6828714E264400052FC13 /* Track.m in Sources */ = {isa = PBXBuildFile; fileRef = 29C6828614E264400052FC13 /* Track.m */; };
		29C6829914E31D9E0052FC13 /* DataDownloader.m in Sources */ = {isa = PBXBuildFile; fileRef = 29C6829814E31D9E0052FC13 /* DataDownloader.m */; };
		29C6829D14E4D6700052FC13 /* PeerWatcher.m in Sources */ = {isa = PBXBuildFile; fileRef = 29C6829C14E4D6700052FC13 /* PeerWatcher.m */; };
		29C682A014E4F2840052FC13 /* PeerViewController.m in Sources */ = {isa = PBXBuildFile; fileRef = 29C6829F14E4F2840052FC13 /* PeerViewController.m */; };
		29C682A314E4F41D0052FC13 /* Peer.m in Sources */ = {isa = PBXBuildFile; fileRef = 29C682A214E4F41D0052FC13 /* Peer.m */; };
		29C682A614E61AAE0052FC13 /* todo.txt in Resources */ = {isa = PBXBuildFile; fileRef = 29C682A514E61AAE0052FC13 /* todo.txt */; };
		29DDA44614E22C850001B7EF /* UIKit.framework in Frameworks */ = {isa = PBXBuildFile; fileRef = 29DDA44514E22C850001B7EF /* UIKit.framework */; };
		29DDA44814E22C850001B7EF /* Foundation.framework in Frameworks */ = {isa = PBXBuildFile; fileRef = 29DDA44714E22C850001B7EF /* Foundation.framework */; };
		29DDA44A14E22C850001B7EF /* CoreGraphics.framework in Frameworks */ = {isa = PBXBuildFile; fileRef = 29DDA44914E22C850001B7EF /* CoreGraphics.framework */; };
		29DDA45014E22C850001B7EF /* InfoPlist.strings in Resources */ = {isa = PBXBuildFile; fileRef = 29DDA44E14E22C850001B7EF /* InfoPlist.strings */; };
		29DDA45214E22C850001B7EF /* main.m in Sources */ = {isa = PBXBuildFile; fileRef = 29DDA45114E22C850001B7EF /* main.m */; };
		29DDA45614E22C850001B7EF /* AppDelegate.m in Sources */ = {isa = PBXBuildFile; fileRef = 29DDA45514E22C850001B7EF /* AppDelegate.m */; };
/* End PBXBuildFile section */

/* Begin PBXFileReference section */
		29445B3A14E639A6000BE425 /* Domain Specs-Info.plist */ = {isa = PBXFileReference; lastKnownFileType = text.plist.xml; path = "Domain Specs-Info.plist"; sourceTree = "<group>"; };
		29445B3C14E639A6000BE425 /* en */ = {isa = PBXFileReference; lastKnownFileType = text.plist.strings; name = en; path = en.lproj/InfoPlist.strings; sourceTree = "<group>"; };
		29445B3E14E639A6000BE425 /* main.m */ = {isa = PBXFileReference; lastKnownFileType = sourcecode.c.objc; path = main.m; sourceTree = "<group>"; };
		29445B4014E639A6000BE425 /* Domain Specs-Prefix.pch */ = {isa = PBXFileReference; lastKnownFileType = sourcecode.c.h; path = "Domain Specs-Prefix.pch"; sourceTree = "<group>"; };
		29445B4114E639A6000BE425 /* AppDelegate.h */ = {isa = PBXFileReference; lastKnownFileType = sourcecode.c.h; path = AppDelegate.h; sourceTree = "<group>"; };
		29445B4214E639A6000BE425 /* AppDelegate.m */ = {isa = PBXFileReference; lastKnownFileType = sourcecode.c.objc; path = AppDelegate.m; sourceTree = "<group>"; };
		29445B4D14E63A57000BE425 /* main.m */ = {isa = PBXFileReference; fileEncoding = 4; lastKnownFileType = sourcecode.c.objc; path = main.m; sourceTree = "<group>"; };
		29445B5A14E63ABF000BE425 /* UI Specs-Info.plist */ = {isa = PBXFileReference; lastKnownFileType = text.plist.xml; path = "UI Specs-Info.plist"; sourceTree = "<group>"; };
		29445B5C14E63ABF000BE425 /* en */ = {isa = PBXFileReference; lastKnownFileType = text.plist.strings; name = en; path = en.lproj/InfoPlist.strings; sourceTree = "<group>"; };
		29445B5E14E63ABF000BE425 /* main.m */ = {isa = PBXFileReference; lastKnownFileType = sourcecode.c.objc; path = main.m; sourceTree = "<group>"; };
		29445B6014E63ABF000BE425 /* UI Specs-Prefix.pch */ = {isa = PBXFileReference; lastKnownFileType = sourcecode.c.h; path = "UI Specs-Prefix.pch"; sourceTree = "<group>"; };
		29445B6114E63ABF000BE425 /* AppDelegate.h */ = {isa = PBXFileReference; lastKnownFileType = sourcecode.c.h; path = AppDelegate.h; sourceTree = "<group>"; };
		29445B6214E63ABF000BE425 /* AppDelegate.m */ = {isa = PBXFileReference; lastKnownFileType = sourcecode.c.objc; path = AppDelegate.m; sourceTree = "<group>"; };
		29445B6D14E63B3D000BE425 /* FooSpec.m */ = {isa = PBXFileReference; fileEncoding = 4; lastKnownFileType = sourcecode.c.objc; path = FooSpec.m; sourceTree = "<group>"; };
		29445BA814E63E4E000BE425 /* PlayerDelegate.h */ = {isa = PBXFileReference; fileEncoding = 4; lastKnownFileType = sourcecode.c.h; path = PlayerDelegate.h; sourceTree = "<group>"; };
		295067D414E23E0800960BE2 /* GameKit.framework */ = {isa = PBXFileReference; lastKnownFileType = wrapper.framework; name = GameKit.framework; path = System/Library/Frameworks/GameKit.framework; sourceTree = SDKROOT; };
		295067D914E23EC900960BE2 /* Rdio.framework */ = {isa = PBXFileReference; lastKnownFileType = wrapper.framework; path = Rdio.framework; sourceTree = "<group>"; };
		295067DD14E23F0B00960BE2 /* AudioToolbox.framework */ = {isa = PBXFileReference; lastKnownFileType = wrapper.framework; name = AudioToolbox.framework; path = System/Library/Frameworks/AudioToolbox.framework; sourceTree = SDKROOT; };
		295067DF14E23F2200960BE2 /* CFNetwork.framework */ = {isa = PBXFileReference; lastKnownFileType = wrapper.framework; name = CFNetwork.framework; path = System/Library/Frameworks/CFNetwork.framework; sourceTree = SDKROOT; };
		295067E114E23F3B00960BE2 /* SystemConfiguration.framework */ = {isa = PBXFileReference; lastKnownFileType = wrapper.framework; name = SystemConfiguration.framework; path = System/Library/Frameworks/SystemConfiguration.framework; sourceTree = SDKROOT; };
		295067E314E23F4D00960BE2 /* Security.framework */ = {isa = PBXFileReference; lastKnownFileType = wrapper.framework; name = Security.framework; path = System/Library/Frameworks/Security.framework; sourceTree = SDKROOT; };
		295067EB14E240CE00960BE2 /* PlayerController.h */ = {isa = PBXFileReference; fileEncoding = 4; lastKnownFileType = sourcecode.c.h; path = PlayerController.h; sourceTree = "<group>"; };
		295067EC14E240CE00960BE2 /* PlayerController.m */ = {isa = PBXFileReference; fileEncoding = 4; lastKnownFileType = sourcecode.c.objc; path = PlayerController.m; sourceTree = "<group>"; };
		29C6828414E25EA30052FC13 /* eezdropper-Prefix.pch */ = {isa = PBXFileReference; fileEncoding = 4; lastKnownFileType = sourcecode.c.h; path = "eezdropper-Prefix.pch"; sourceTree = "<group>"; };
		29C6828514E264400052FC13 /* Track.h */ = {isa = PBXFileReference; fileEncoding = 4; lastKnownFileType = sourcecode.c.h; path = Track.h; sourceTree = "<group>"; };
		29C6828614E264400052FC13 /* Track.m */ = {isa = PBXFileReference; fileEncoding = 4; lastKnownFileType = sourcecode.c.objc; path = Track.m; sourceTree = "<group>"; };
		29C6829714E31D9E0052FC13 /* DataDownloader.h */ = {isa = PBXFileReference; fileEncoding = 4; lastKnownFileType = sourcecode.c.h; path = DataDownloader.h; sourceTree = "<group>"; };
		29C6829814E31D9E0052FC13 /* DataDownloader.m */ = {isa = PBXFileReference; fileEncoding = 4; lastKnownFileType = sourcecode.c.objc; path = DataDownloader.m; sourceTree = "<group>"; };
		29C6829B14E4D6700052FC13 /* PeerWatcher.h */ = {isa = PBXFileReference; fileEncoding = 4; lastKnownFileType = sourcecode.c.h; path = PeerWatcher.h; sourceTree = "<group>"; };
		29C6829C14E4D6700052FC13 /* PeerWatcher.m */ = {isa = PBXFileReference; fileEncoding = 4; lastKnownFileType = sourcecode.c.objc; path = PeerWatcher.m; sourceTree = "<group>"; };
		29C6829E14E4F2840052FC13 /* PeerViewController.h */ = {isa = PBXFileReference; fileEncoding = 4; lastKnownFileType = sourcecode.c.h; path = PeerViewController.h; sourceTree = "<group>"; };
		29C6829F14E4F2840052FC13 /* PeerViewController.m */ = {isa = PBXFileReference; fileEncoding = 4; lastKnownFileType = sourcecode.c.objc; path = PeerViewController.m; sourceTree = "<group>"; };
		29C682A114E4F41C0052FC13 /* Peer.h */ = {isa = PBXFileReference; fileEncoding = 4; lastKnownFileType = sourcecode.c.h; path = Peer.h; sourceTree = "<group>"; };
		29C682A214E4F41D0052FC13 /* Peer.m */ = {isa = PBXFileReference; fileEncoding = 4; lastKnownFileType = sourcecode.c.objc; path = Peer.m; sourceTree = "<group>"; };
		29C682A414E500540052FC13 /* PeerWatcherDelegate.h */ = {isa = PBXFileReference; fileEncoding = 4; lastKnownFileType = sourcecode.c.h; path = PeerWatcherDelegate.h; sourceTree = "<group>"; };
		29C682A514E61AAE0052FC13 /* todo.txt */ = {isa = PBXFileReference; fileEncoding = 4; lastKnownFileType = text; path = todo.txt; sourceTree = "<group>"; };
		29DDA44114E22C850001B7EF /* eezdropper.app */ = {isa = PBXFileReference; explicitFileType = wrapper.application; includeInIndex = 0; path = eezdropper.app; sourceTree = BUILT_PRODUCTS_DIR; };
		29DDA44514E22C850001B7EF /* UIKit.framework */ = {isa = PBXFileReference; lastKnownFileType = wrapper.framework; name = UIKit.framework; path = System/Library/Frameworks/UIKit.framework; sourceTree = SDKROOT; };
		29DDA44714E22C850001B7EF /* Foundation.framework */ = {isa = PBXFileReference; lastKnownFileType = wrapper.framework; name = Foundation.framework; path = System/Library/Frameworks/Foundation.framework; sourceTree = SDKROOT; };
		29DDA44914E22C850001B7EF /* CoreGraphics.framework */ = {isa = PBXFileReference; lastKnownFileType = wrapper.framework; name = CoreGraphics.framework; path = System/Library/Frameworks/CoreGraphics.framework; sourceTree = SDKROOT; };
		29DDA44D14E22C850001B7EF /* eezdropper-Info.plist */ = {isa = PBXFileReference; lastKnownFileType = text.plist.xml; path = "eezdropper-Info.plist"; sourceTree = "<group>"; };
		29DDA44F14E22C850001B7EF /* en */ = {isa = PBXFileReference; lastKnownFileType = text.plist.strings; name = en; path = en.lproj/InfoPlist.strings; sourceTree = "<group>"; };
		29DDA45114E22C850001B7EF /* main.m */ = {isa = PBXFileReference; lastKnownFileType = sourcecode.c.objc; path = main.m; sourceTree = "<group>"; };
		29DDA45414E22C850001B7EF /* AppDelegate.h */ = {isa = PBXFileReference; lastKnownFileType = sourcecode.c.h; path = AppDelegate.h; sourceTree = "<group>"; };
		29DDA45514E22C850001B7EF /* AppDelegate.m */ = {isa = PBXFileReference; lastKnownFileType = sourcecode.c.objc; path = AppDelegate.m; sourceTree = "<group>"; };
/* End PBXFileReference section */

/* Begin PBXFrameworksBuildPhase section */
		29DDA43E14E22C850001B7EF /* Frameworks */ = {
			isa = PBXFrameworksBuildPhase;
			buildActionMask = 2147483647;
			files = (
				295067DB14E23EED00960BE2 /* GameKit.framework in Frameworks */,
				29DDA44814E22C850001B7EF /* Foundation.framework in Frameworks */,
				29DDA44614E22C850001B7EF /* UIKit.framework in Frameworks */,
				29DDA44A14E22C850001B7EF /* CoreGraphics.framework in Frameworks */,
				295067E814E23F6100960BE2 /* AudioToolbox.framework in Frameworks */,
				295067E714E23F5E00960BE2 /* CFNetwork.framework in Frameworks */,
				295067E614E23F5A00960BE2 /* SystemConfiguration.framework in Frameworks */,
				295067E514E23F5500960BE2 /* Security.framework in Frameworks */,
				295067DC14E23EFC00960BE2 /* Rdio.framework in Frameworks */,
			);
			runOnlyForDeploymentPostprocessing = 0;
		};
/* End PBXFrameworksBuildPhase section */

/* Begin PBXGroup section */
		2944591414E63785000BE425 /* Specs */ = {
			isa = PBXGroup;
			children = (
				29445B6C14E63B2B000BE425 /* UI */,
				29445B4D14E63A57000BE425 /* main.m */,
			);
			name = Specs;
			sourceTree = "<group>";
		};
		29445B3814E639A6000BE425 /* Domain Specs */ = {
			isa = PBXGroup;
			children = (
				29445B4114E639A6000BE425 /* AppDelegate.h */,
				29445B4214E639A6000BE425 /* AppDelegate.m */,
				29445B3914E639A6000BE425 /* Supporting Files */,
			);
			path = "Domain Specs";
			sourceTree = "<group>";
		};
		29445B3914E639A6000BE425 /* Supporting Files */ = {
			isa = PBXGroup;
			children = (
				29445B3A14E639A6000BE425 /* Domain Specs-Info.plist */,
				29445B3B14E639A6000BE425 /* InfoPlist.strings */,
				29445B3E14E639A6000BE425 /* main.m */,
				29445B4014E639A6000BE425 /* Domain Specs-Prefix.pch */,
			);
			name = "Supporting Files";
			sourceTree = "<group>";
		};
		29445B5814E63ABF000BE425 /* UI Specs */ = {
			isa = PBXGroup;
			children = (
				29445B6114E63ABF000BE425 /* AppDelegate.h */,
				29445B6214E63ABF000BE425 /* AppDelegate.m */,
				29445B5914E63ABF000BE425 /* Supporting Files */,
			);
			path = "UI Specs";
			sourceTree = "<group>";
		};
		29445B5914E63ABF000BE425 /* Supporting Files */ = {
			isa = PBXGroup;
			children = (
				29445B5A14E63ABF000BE425 /* UI Specs-Info.plist */,
				29445B5B14E63ABF000BE425 /* InfoPlist.strings */,
				29445B5E14E63ABF000BE425 /* main.m */,
				29445B6014E63ABF000BE425 /* UI Specs-Prefix.pch */,
			);
			name = "Supporting Files";
			sourceTree = "<group>";
		};
		29445B6C14E63B2B000BE425 /* UI */ = {
			isa = PBXGroup;
			children = (
				29445B6D14E63B3D000BE425 /* FooSpec.m */,
			);
			name = UI;
			sourceTree = "<group>";
		};
		295067EA14E2408700960BE2 /* UI */ = {
			isa = PBXGroup;
			children = (
				29DDA45114E22C850001B7EF /* main.m */,
				29DDA45414E22C850001B7EF /* AppDelegate.h */,
				29DDA45514E22C850001B7EF /* AppDelegate.m */,
				29C6828114E25A860052FC13 /* Controllers */,
				29C6828214E25A900052FC13 /* Resources */,
			);
			name = UI;
			sourceTree = "<group>";
		};
		29C6828114E25A860052FC13 /* Controllers */ = {
			isa = PBXGroup;
			children = (
				295067EB14E240CE00960BE2 /* PlayerController.h */,
				295067EC14E240CE00960BE2 /* PlayerController.m */,
				29C6829E14E4F2840052FC13 /* PeerViewController.h */,
				29C6829F14E4F2840052FC13 /* PeerViewController.m */,
			);
			name = Controllers;
			sourceTree = "<group>";
		};
		29C6828214E25A900052FC13 /* Resources */ = {
			isa = PBXGroup;
			children = (
				29C6828414E25EA30052FC13 /* eezdropper-Prefix.pch */,
				29DDA44D14E22C850001B7EF /* eezdropper-Info.plist */,
				29DDA44E14E22C850001B7EF /* InfoPlist.strings */,
				29C682A514E61AAE0052FC13 /* todo.txt */,
			);
			name = Resources;
			sourceTree = "<group>";
		};
		29C6828314E25AAB0052FC13 /* Domain */ = {
			isa = PBXGroup;
			children = (
				29C6828514E264400052FC13 /* Track.h */,
				29C6828614E264400052FC13 /* Track.m */,
				29C6829714E31D9E0052FC13 /* DataDownloader.h */,
				29C6829814E31D9E0052FC13 /* DataDownloader.m */,
				29C6829B14E4D6700052FC13 /* PeerWatcher.h */,
				29C6829C14E4D6700052FC13 /* PeerWatcher.m */,
				29C682A114E4F41C0052FC13 /* Peer.h */,
				29C682A214E4F41D0052FC13 /* Peer.m */,
				29C682A414E500540052FC13 /* PeerWatcherDelegate.h */,
				29445BA814E63E4E000BE425 /* PlayerDelegate.h */,
			);
			name = Domain;
			sourceTree = "<group>";
		};
		29DDA43614E22C850001B7EF = {
			isa = PBXGroup;
			children = (
				29DDA44B14E22C850001B7EF /* App */,
				2944591414E63785000BE425 /* Specs */,
				29445B3814E639A6000BE425 /* Domain Specs */,
				29445B5814E63ABF000BE425 /* UI Specs */,
				29DDA44414E22C850001B7EF /* Frameworks */,
				29DDA44214E22C850001B7EF /* Products */,
			);
			sourceTree = "<group>";
		};
		29DDA44214E22C850001B7EF /* Products */ = {
			isa = PBXGroup;
			children = (
				29DDA44114E22C850001B7EF /* eezdropper.app */,
			);
			name = Products;
			sourceTree = "<group>";
		};
		29DDA44414E22C850001B7EF /* Frameworks */ = {
			isa = PBXGroup;
			children = (
				295067E314E23F4D00960BE2 /* Security.framework */,
				295067E114E23F3B00960BE2 /* SystemConfiguration.framework */,
				295067DF14E23F2200960BE2 /* CFNetwork.framework */,
				295067DD14E23F0B00960BE2 /* AudioToolbox.framework */,
				295067D914E23EC900960BE2 /* Rdio.framework */,
				295067D414E23E0800960BE2 /* GameKit.framework */,
				29DDA44514E22C850001B7EF /* UIKit.framework */,
				29DDA44714E22C850001B7EF /* Foundation.framework */,
				29DDA44914E22C850001B7EF /* CoreGraphics.framework */,
			);
			name = Frameworks;
			sourceTree = "<group>";
		};
		29DDA44B14E22C850001B7EF /* App */ = {
			isa = PBXGroup;
			children = (
				29C6828314E25AAB0052FC13 /* Domain */,
				295067EA14E2408700960BE2 /* UI */,
			);
			name = App;
			path = eezdropper;
			sourceTree = "<group>";
		};
/* End PBXGroup section */

/* Begin PBXNativeTarget section */
		29DDA44014E22C850001B7EF /* eezdropper */ = {
			isa = PBXNativeTarget;
			buildConfigurationList = 29DDA45914E22C850001B7EF /* Build configuration list for PBXNativeTarget "eezdropper" */;
			buildPhases = (
				29DDA43D14E22C850001B7EF /* Sources */,
				29DDA43E14E22C850001B7EF /* Frameworks */,
				29DDA43F14E22C850001B7EF /* Resources */,
			);
			buildRules = (
			);
			dependencies = (
			);
			name = eezdropper;
			productName = eezdropper;
			productReference = 29DDA44114E22C850001B7EF /* eezdropper.app */;
			productType = "com.apple.product-type.application";
		};
/* End PBXNativeTarget section */

/* Begin PBXProject section */
		29DDA43814E22C850001B7EF /* Project object */ = {
			isa = PBXProject;
			attributes = {
				LastUpgradeCheck = 0420;
				ORGANIZATIONNAME = self;
			};
			buildConfigurationList = 29DDA43B14E22C850001B7EF /* Build configuration list for PBXProject "eezdropper" */;
			compatibilityVersion = "Xcode 3.2";
			developmentRegion = English;
			hasScannedForEncodings = 0;
			knownRegions = (
				en,
				English,
			);
			mainGroup = 29DDA43614E22C850001B7EF;
			productRefGroup = 29DDA44214E22C850001B7EF /* Products */;
			projectDirPath = "";
			projectRoot = "";
			targets = (
				29DDA44014E22C850001B7EF /* eezdropper */,
			);
		};
/* End PBXProject section */

/* Begin PBXResourcesBuildPhase section */
		29DDA43F14E22C850001B7EF /* Resources */ = {
			isa = PBXResourcesBuildPhase;
			buildActionMask = 2147483647;
			files = (
				29DDA45014E22C850001B7EF /* InfoPlist.strings in Resources */,
				29C682A614E61AAE0052FC13 /* todo.txt in Resources */,
			);
			runOnlyForDeploymentPostprocessing = 0;
		};
/* End PBXResourcesBuildPhase section */

/* Begin PBXSourcesBuildPhase section */
		29DDA43D14E22C850001B7EF /* Sources */ = {
			isa = PBXSourcesBuildPhase;
			buildActionMask = 2147483647;
			files = (
				29DDA45214E22C850001B7EF /* main.m in Sources */,
				29DDA45614E22C850001B7EF /* AppDelegate.m in Sources */,
				295067ED14E240CE00960BE2 /* PlayerController.m in Sources */,
				29C6828714E264400052FC13 /* Track.m in Sources */,
				29C6829914E31D9E0052FC13 /* DataDownloader.m in Sources */,
				29C6829D14E4D6700052FC13 /* PeerWatcher.m in Sources */,
				29C682A014E4F2840052FC13 /* PeerViewController.m in Sources */,
				29C682A314E4F41D0052FC13 /* Peer.m in Sources */,
			);
			runOnlyForDeploymentPostprocessing = 0;
		};
/* End PBXSourcesBuildPhase section */

/* Begin PBXVariantGroup section */
		29445B3B14E639A6000BE425 /* InfoPlist.strings */ = {
			isa = PBXVariantGroup;
			children = (
				29445B3C14E639A6000BE425 /* en */,
			);
			name = InfoPlist.strings;
			sourceTree = "<group>";
		};
		29445B5B14E63ABF000BE425 /* InfoPlist.strings */ = {
			isa = PBXVariantGroup;
			children = (
				29445B5C14E63ABF000BE425 /* en */,
			);
			name = InfoPlist.strings;
			sourceTree = "<group>";
		};
		29DDA44E14E22C850001B7EF /* InfoPlist.strings */ = {
			isa = PBXVariantGroup;
			children = (
				29DDA44F14E22C850001B7EF /* en */,
			);
			name = InfoPlist.strings;
			sourceTree = "<group>";
		};
/* End PBXVariantGroup section */

/* Begin XCBuildConfiguration section */
		29DDA45714E22C850001B7EF /* Debug */ = {
			isa = XCBuildConfiguration;
			buildSettings = {
				ALWAYS_SEARCH_USER_PATHS = NO;
				ARCHS = "$(ARCHS_STANDARD_32_BIT)";
				"CODE_SIGN_IDENTITY[sdk=iphoneos*]" = "iPhone Developer";
				COPY_PHASE_STRIP = NO;
				GCC_C_LANGUAGE_STANDARD = gnu99;
				GCC_DYNAMIC_NO_PIC = NO;
				GCC_OPTIMIZATION_LEVEL = 0;
				GCC_PREPROCESSOR_DEFINITIONS = (
					"DEBUG=1",
					"$(inherited)",
				);
				GCC_SYMBOLS_PRIVATE_EXTERN = NO;
				GCC_VERSION = com.apple.compilers.llvm.clang.1_0;
				GCC_WARN_ABOUT_MISSING_PROTOTYPES = YES;
				GCC_WARN_ABOUT_RETURN_TYPE = YES;
				GCC_WARN_UNUSED_VARIABLE = YES;
				IPHONEOS_DEPLOYMENT_TARGET = 5.0;
				SDKROOT = iphoneos;
				TARGETED_DEVICE_FAMILY = "1,2";
			};
			name = Debug;
		};
		29DDA45814E22C850001B7EF /* Release */ = {
			isa = XCBuildConfiguration;
			buildSettings = {
				ALWAYS_SEARCH_USER_PATHS = NO;
				ARCHS = "$(ARCHS_STANDARD_32_BIT)";
				"CODE_SIGN_IDENTITY[sdk=iphoneos*]" = "iPhone Developer";
				COPY_PHASE_STRIP = YES;
				GCC_C_LANGUAGE_STANDARD = gnu99;
				GCC_VERSION = com.apple.compilers.llvm.clang.1_0;
				GCC_WARN_ABOUT_MISSING_PROTOTYPES = YES;
				GCC_WARN_ABOUT_RETURN_TYPE = YES;
				GCC_WARN_UNUSED_VARIABLE = YES;
				IPHONEOS_DEPLOYMENT_TARGET = 5.0;
				OTHER_CFLAGS = "-DNS_BLOCK_ASSERTIONS=1";
				SDKROOT = iphoneos;
				TARGETED_DEVICE_FAMILY = "1,2";
				VALIDATE_PRODUCT = YES;
			};
			name = Release;
		};
		29DDA45A14E22C850001B7EF /* Debug */ = {
			isa = XCBuildConfiguration;
			buildSettings = {
				FRAMEWORK_SEARCH_PATHS = (
					"$(inherited)",
					"\"$(SRCROOT)\"",
				);
				GCC_INCREASE_PRECOMPILED_HEADER_SHARING = YES;
				GCC_PRECOMPILE_PREFIX_HEADER = YES;
				GCC_PREFIX_HEADER = "eezdropper/eezdropper-Prefix.pch";
				INFOPLIST_FILE = "eezdropper/eezdropper-Info.plist";
				LIBRARY_SEARCH_PATHS = (
					"$(inherited)",
					"\"$(SRCROOT)\"",
				);
				"OTHER_LDFLAGS[arch=*]" = "-all_load";
				PRECOMPS_INCLUDE_HEADERS_FROM_BUILT_PRODUCTS_DIR = NO;
				PRODUCT_NAME = "$(TARGET_NAME)";
				WRAPPER_EXTENSION = app;
			};
			name = Debug;
		};
		29DDA45B14E22C850001B7EF /* Release */ = {
			isa = XCBuildConfiguration;
			buildSettings = {
				FRAMEWORK_SEARCH_PATHS = (
					"$(inherited)",
					"\"$(SRCROOT)\"",
				);
				GCC_INCREASE_PRECOMPILED_HEADER_SHARING = YES;
				GCC_PRECOMPILE_PREFIX_HEADER = YES;
				GCC_PREFIX_HEADER = "eezdropper/eezdropper-Prefix.pch";
				INFOPLIST_FILE = "eezdropper/eezdropper-Info.plist";
				LIBRARY_SEARCH_PATHS = (
					"$(inherited)",
					"\"$(SRCROOT)\"",
				);
				"OTHER_LDFLAGS[arch=*]" = "-all_load";
				PRECOMPS_INCLUDE_HEADERS_FROM_BUILT_PRODUCTS_DIR = NO;
				PRODUCT_NAME = "$(TARGET_NAME)";
				WRAPPER_EXTENSION = app;
			};
			name = Release;
		};
/* End XCBuildConfiguration section */

/* Begin XCConfigurationList section */
		29DDA43B14E22C850001B7EF /* Build configuration list for PBXProject "eezdropper" */ = {
			isa = XCConfigurationList;
			buildConfigurations = (
				29DDA45714E22C850001B7EF /* Debug */,
				29DDA45814E22C850001B7EF /* Release */,
			);
			defaultConfigurationIsVisible = 0;
			defaultConfigurationName = Release;
		};
		29DDA45914E22C850001B7EF /* Build configuration list for PBXNativeTarget "eezdropper" */ = {
			isa = XCConfigurationList;
			buildConfigurations = (
				29DDA45A14E22C850001B7EF /* Debug */,
				29DDA45B14E22C850001B7EF /* Release */,
			);
			defaultConfigurationIsVisible = 0;
			defaultConfigurationName = Release;
		};
/* End XCConfigurationList section */
	};
	rootObject = 29DDA43814E22C850001B7EF /* Project object */;
}
